# This file is automatically @generated by Cargo.
# It is not intended for manual editing.
version = 4

[[package]]
name = "MainRepoB"
version = "0.1.0"
dependencies = [
 "test_repo_b1",
]

[[package]]
name = "test_repo_b1"
version = "0.1.0"
source = "git+https://github.com/TestForStarry/TestRepoB1.git#505617c82e192e8352889143de7bbc7e996d8f63"
