# This file is automatically @generated by Cargo.
# It is not intended for manual editing.
version = 4

[[package]]
name = "MainRepoB"
version = "0.1.0"
dependencies = [
 "TestRepoB1",
]

[[package]]
name = "TestRepoB1"
version = "0.1.0"
source = "git+https://github.com/TestForStarry/TestRepoB1.git#6b715e771a028bad80e10c4249438be4816f1503"
