# This file is automatically @generated by Cargo.
# It is not intended for manual editing.
version = 3

[[package]]
name = "MainRepoB"
version = "0.1.0"
dependencies = [
 "TestRepoB1",
]

[[package]]
name = "TestRepoB1"
version = "0.1.0"
source = "git+https://github.com/TestForStarry/TestRepoB1.git#37142e4e4a62d3c09d623bdee193b4b3ea0072a2"
